
Microsoft Visual Studio Solution File, Format Version 12.00
# Visual Studio Version 17
VisualStudioVersion = 17.3.32819.101
MinimumVisualStudioVersion = 10.0.40219.1
Project("{FAE04EC0-301F-11D3-BF4B-00C04F79EFBC}") = "ExampleSQLApp", "ExampleSQLApp\ExampleSQLApp.csproj", "{FC183DA6-C97D-44B9-9F8F-8D50284D51F1}"
EndProject
Global
	GlobalSection(SolutionConfigurationPlatforms) = preSolution
		Debug|Any CPU = Debug|Any CPU
		Release|Any CPU = Release|Any CPU
	EndGlobalSection
	GlobalSection(ProjectConfigurationPlatforms) = postSolution
		{FC183DA6-C97D-44B9-9F8F-8D50284D51F1}.Debug|Any CPU.ActiveCfg = Debug|Any CPU
		{FC183DA6-C97D-44B9-9F8F-8D50284D51F1}.Debug|Any CPU.Build.0 = Debug|Any CPU
		{FC183DA6-C97D-44B9-9F8F-8D50284D51F1}.Release|Any CPU.ActiveCfg = Release|Any CPU
		{FC183DA6-C97D-44B9-9F8F-8D50284D51F1}.Release|Any CPU.Build.0 = Release|Any CPU
	EndGlobalSection
	GlobalSection(SolutionProperties) = preSolution
		HideSolutionNode = FALSE
	EndGlobalSection
	GlobalSection(ExtensibilityGlobals) = postSolution
		SolutionGuid = {A8AF09FD-52C0-41F6-BFC6-C534A62293BF}
	EndGlobalSection
EndGlobal
